// !$*UTF8*$!
{
	archiveVersion = 1;
	classes = {
	};
	objectVersion = 55;
	objects = {

/* Begin PBXBuildFile section */
		1E07E57227FE388E00952E1D /* ProspectView.swift in Sources */ = {isa = PBXBuildFile; fileRef = 1E07E57127FE388E00952E1D /* ProspectView.swift */; };
		1EC2966C27FECCC500F04DA1 /* AppState.swift in Sources */ = {isa = PBXBuildFile; fileRef = 1EC2966B27FECCC500F04DA1 /* AppState.swift */; };
		1EC2966E27FF7DE800F04DA1 /* SheetsPageView.swift in Sources */ = {isa = PBXBuildFile; fileRef = 1EC2966D27FF7DE800F04DA1 /* SheetsPageView.swift */; };
		1EC2967028004D8600F04DA1 /* RobotsPageView.swift in Sources */ = {isa = PBXBuildFile; fileRef = 1EC2966F28004D8600F04DA1 /* RobotsPageView.swift */; };
		1ED7D70427F95D0B00DC94A4 /* AllianceEnum.swift in Sources */ = {isa = PBXBuildFile; fileRef = 1ED7D70327F95D0B00DC94A4 /* AllianceEnum.swift */; };
		1ED7D70627F95D9D00DC94A4 /* DayEnum.swift in Sources */ = {isa = PBXBuildFile; fileRef = 1ED7D70527F95D9D00DC94A4 /* DayEnum.swift */; };
		1ED7D70827F95E0700DC94A4 /* CompetingTeams.swift in Sources */ = {isa = PBXBuildFile; fileRef = 1ED7D70727F95E0700DC94A4 /* CompetingTeams.swift */; };
		1ED7D70A27F9658300DC94A4 /* RobotSpeedEnum.swift in Sources */ = {isa = PBXBuildFile; fileRef = 1ED7D70927F9658300DC94A4 /* RobotSpeedEnum.swift */; };
		1ED7D70C27F965D100DC94A4 /* DriverSkillsEnum.swift in Sources */ = {isa = PBXBuildFile; fileRef = 1ED7D70B27F965D100DC94A4 /* DriverSkillsEnum.swift */; };
		1ED7D70E27F9662A00DC94A4 /* DefenseQualityEnum.swift in Sources */ = {isa = PBXBuildFile; fileRef = 1ED7D70D27F9662A00DC94A4 /* DefenseQualityEnum.swift */; };
		1ED7D71127F966AC00DC94A4 /* ScanButtonView.swift in Sources */ = {isa = PBXBuildFile; fileRef = 1ED7D71027F966AC00DC94A4 /* ScanButtonView.swift */; };
		1ED7D71427F9681E00DC94A4 /* CodeScanner in Frameworks */ = {isa = PBXBuildFile; productRef = 1ED7D71327F9681E00DC94A4 /* CodeScanner */; };
		1ED7D71927F96D2900DC94A4 /* ScoutingSheet.swift in Sources */ = {isa = PBXBuildFile; fileRef = 1ED7D71827F96D2900DC94A4 /* ScoutingSheet.swift */; };
		1ED7D71B27F9CD0300DC94A4 /* PageListViewLayout.swift in Sources */ = {isa = PBXBuildFile; fileRef = 1ED7D71A27F9CD0300DC94A4 /* PageListViewLayout.swift */; };
		1ED7D71D27F9D04E00DC94A4 /* SerializationError.swift in Sources */ = {isa = PBXBuildFile; fileRef = 1ED7D71C27F9D04E00DC94A4 /* SerializationError.swift */; };
		1ED7D71F27F9D47A00DC94A4 /* ScoutingSheetTest.swift in Sources */ = {isa = PBXBuildFile; fileRef = 1ED7D71E27F9D47A00DC94A4 /* ScoutingSheetTest.swift */; };
		1EDBAE2327F6BBE6006F898F /* Scout_InsightsApp.swift in Sources */ = {isa = PBXBuildFile; fileRef = 1EDBAE2227F6BBE6006F898F /* Scout_InsightsApp.swift */; };
		1EDBAE2527F6BBE6006F898F /* ContentView.swift in Sources */ = {isa = PBXBuildFile; fileRef = 1EDBAE2427F6BBE6006F898F /* ContentView.swift */; };
		1EDBAE2727F6BBE7006F898F /* Assets.xcassets in Resources */ = {isa = PBXBuildFile; fileRef = 1EDBAE2627F6BBE7006F898F /* Assets.xcassets */; };
		1EDBAE2A27F6BBE7006F898F /* Preview Assets.xcassets in Resources */ = {isa = PBXBuildFile; fileRef = 1EDBAE2927F6BBE7006F898F /* Preview Assets.xcassets */; };
		1EDBAE3427F6BBE8006F898F /* Scout_InsightsTests.swift in Sources */ = {isa = PBXBuildFile; fileRef = 1EDBAE3327F6BBE8006F898F /* Scout_InsightsTests.swift */; };
		1EDBAE3E27F6BBE8006F898F /* Scout_InsightsUITests.swift in Sources */ = {isa = PBXBuildFile; fileRef = 1EDBAE3D27F6BBE8006F898F /* Scout_InsightsUITests.swift */; };
		1EDBAE4027F6BBE8006F898F /* Scout_InsightsUITestsLaunchTests.swift in Sources */ = {isa = PBXBuildFile; fileRef = 1EDBAE3F27F6BBE8006F898F /* Scout_InsightsUITestsLaunchTests.swift */; };
		20372A9C27FE07A000F0DF45 /* RobotDetailsView.swift in Sources */ = {isa = PBXBuildFile; fileRef = 20372A9727FE07A000F0DF45 /* RobotDetailsView.swift */; };
		20372A9D27FE07A000F0DF45 /* RobotListCellView.swift in Sources */ = {isa = PBXBuildFile; fileRef = 20372A9827FE07A000F0DF45 /* RobotListCellView.swift */; };
		20372A9E27FE07A000F0DF45 /* StatisticsListCellView.swift in Sources */ = {isa = PBXBuildFile; fileRef = 20372A9A27FE07A000F0DF45 /* StatisticsListCellView.swift */; };
		20372A9F27FE07A000F0DF45 /* StatisticsDetailsView.swift in Sources */ = {isa = PBXBuildFile; fileRef = 20372A9B27FE07A000F0DF45 /* StatisticsDetailsView.swift */; };
		20372AA227FE088500F0DF45 /* SheetsDetailsView.swift in Sources */ = {isa = PBXBuildFile; fileRef = 20372AA127FE088500F0DF45 /* SheetsDetailsView.swift */; };
		20372AA427FE089100F0DF45 /* SheetsListCellView.swift in Sources */ = {isa = PBXBuildFile; fileRef = 20372AA327FE089100F0DF45 /* SheetsListCellView.swift */; };
		20372AAB27FE26B600F0DF45 /* ScoutingSheetInfoView.swift in Sources */ = {isa = PBXBuildFile; fileRef = 20372AAA27FE26B600F0DF45 /* ScoutingSheetInfoView.swift */; };
/* End PBXBuildFile section */

/* Begin PBXContainerItemProxy section */
		1EDBAE3027F6BBE8006F898F /* PBXContainerItemProxy */ = {
			isa = PBXContainerItemProxy;
			containerPortal = 1EDBAE1727F6BBE6006F898F /* Project object */;
			proxyType = 1;
			remoteGlobalIDString = 1EDBAE1E27F6BBE6006F898F;
			remoteInfo = "Scout Insights";
		};
		1EDBAE3A27F6BBE8006F898F /* PBXContainerItemProxy */ = {
			isa = PBXContainerItemProxy;
			containerPortal = 1EDBAE1727F6BBE6006F898F /* Project object */;
			proxyType = 1;
			remoteGlobalIDString = 1EDBAE1E27F6BBE6006F898F;
			remoteInfo = "Scout Insights";
		};
/* End PBXContainerItemProxy section */

/* Begin PBXFileReference section */
		1E07E57127FE388E00952E1D /* ProspectView.swift */ = {isa = PBXFileReference; lastKnownFileType = sourcecode.swift; path = ProspectView.swift; sourceTree = "<group>"; };
		1E849C7427FE2F45008C46B8 /* Sheets.swift */ = {isa = PBXFileReference; lastKnownFileType = sourcecode.swift; path = Sheets.swift; sourceTree = "<group>"; };
		1EC2966B27FECCC500F04DA1 /* AppState.swift */ = {isa = PBXFileReference; lastKnownFileType = sourcecode.swift; path = AppState.swift; sourceTree = "<group>"; };
		1EC2966D27FF7DE800F04DA1 /* SheetsPageView.swift */ = {isa = PBXFileReference; lastKnownFileType = sourcecode.swift; path = SheetsPageView.swift; sourceTree = "<group>"; };
		1EC2966F28004D8600F04DA1 /* RobotsPageView.swift */ = {isa = PBXFileReference; lastKnownFileType = sourcecode.swift; path = RobotsPageView.swift; sourceTree = "<group>"; };
		1ED7D70327F95D0B00DC94A4 /* AllianceEnum.swift */ = {isa = PBXFileReference; lastKnownFileType = sourcecode.swift; path = AllianceEnum.swift; sourceTree = "<group>"; };
		1ED7D70527F95D9D00DC94A4 /* DayEnum.swift */ = {isa = PBXFileReference; lastKnownFileType = sourcecode.swift; path = DayEnum.swift; sourceTree = "<group>"; };
		1ED7D70727F95E0700DC94A4 /* CompetingTeams.swift */ = {isa = PBXFileReference; lastKnownFileType = sourcecode.swift; path = CompetingTeams.swift; sourceTree = "<group>"; };
		1ED7D70927F9658300DC94A4 /* RobotSpeedEnum.swift */ = {isa = PBXFileReference; lastKnownFileType = sourcecode.swift; path = RobotSpeedEnum.swift; sourceTree = "<group>"; };
		1ED7D70B27F965D100DC94A4 /* DriverSkillsEnum.swift */ = {isa = PBXFileReference; lastKnownFileType = sourcecode.swift; path = DriverSkillsEnum.swift; sourceTree = "<group>"; };
		1ED7D70D27F9662A00DC94A4 /* DefenseQualityEnum.swift */ = {isa = PBXFileReference; lastKnownFileType = sourcecode.swift; path = DefenseQualityEnum.swift; sourceTree = "<group>"; };
		1ED7D71027F966AC00DC94A4 /* ScanButtonView.swift */ = {isa = PBXFileReference; lastKnownFileType = sourcecode.swift; path = ScanButtonView.swift; sourceTree = "<group>"; };
		1ED7D71827F96D2900DC94A4 /* ScoutingSheet.swift */ = {isa = PBXFileReference; lastKnownFileType = sourcecode.swift; path = ScoutingSheet.swift; sourceTree = "<group>"; };
		1ED7D71A27F9CD0300DC94A4 /* PageListViewLayout.swift */ = {isa = PBXFileReference; lastKnownFileType = sourcecode.swift; path = PageListViewLayout.swift; sourceTree = "<group>"; };
		1ED7D71C27F9D04E00DC94A4 /* SerializationError.swift */ = {isa = PBXFileReference; lastKnownFileType = sourcecode.swift; path = SerializationError.swift; sourceTree = "<group>"; };
		1ED7D71E27F9D47A00DC94A4 /* ScoutingSheetTest.swift */ = {isa = PBXFileReference; lastKnownFileType = sourcecode.swift; path = ScoutingSheetTest.swift; sourceTree = "<group>"; };
		1EDBAE1F27F6BBE6006F898F /* Scout Insights.app */ = {isa = PBXFileReference; explicitFileType = wrapper.application; includeInIndex = 0; path = "Scout Insights.app"; sourceTree = BUILT_PRODUCTS_DIR; };
		1EDBAE2227F6BBE6006F898F /* Scout_InsightsApp.swift */ = {isa = PBXFileReference; lastKnownFileType = sourcecode.swift; path = Scout_InsightsApp.swift; sourceTree = "<group>"; };
		1EDBAE2427F6BBE6006F898F /* ContentView.swift */ = {isa = PBXFileReference; lastKnownFileType = sourcecode.swift; path = ContentView.swift; sourceTree = "<group>"; };
		1EDBAE2627F6BBE7006F898F /* Assets.xcassets */ = {isa = PBXFileReference; lastKnownFileType = folder.assetcatalog; path = Assets.xcassets; sourceTree = "<group>"; };
		1EDBAE2927F6BBE7006F898F /* Preview Assets.xcassets */ = {isa = PBXFileReference; lastKnownFileType = folder.assetcatalog; path = "Preview Assets.xcassets"; sourceTree = "<group>"; };
		1EDBAE2F27F6BBE8006F898F /* Scout InsightsTests.xctest */ = {isa = PBXFileReference; explicitFileType = wrapper.cfbundle; includeInIndex = 0; path = "Scout InsightsTests.xctest"; sourceTree = BUILT_PRODUCTS_DIR; };
		1EDBAE3327F6BBE8006F898F /* Scout_InsightsTests.swift */ = {isa = PBXFileReference; lastKnownFileType = sourcecode.swift; path = Scout_InsightsTests.swift; sourceTree = "<group>"; };
		1EDBAE3927F6BBE8006F898F /* Scout InsightsUITests.xctest */ = {isa = PBXFileReference; explicitFileType = wrapper.cfbundle; includeInIndex = 0; path = "Scout InsightsUITests.xctest"; sourceTree = BUILT_PRODUCTS_DIR; };
		1EDBAE3D27F6BBE8006F898F /* Scout_InsightsUITests.swift */ = {isa = PBXFileReference; lastKnownFileType = sourcecode.swift; path = Scout_InsightsUITests.swift; sourceTree = "<group>"; };
		1EDBAE3F27F6BBE8006F898F /* Scout_InsightsUITestsLaunchTests.swift */ = {isa = PBXFileReference; lastKnownFileType = sourcecode.swift; path = Scout_InsightsUITestsLaunchTests.swift; sourceTree = "<group>"; };
		20372A9727FE07A000F0DF45 /* RobotDetailsView.swift */ = {isa = PBXFileReference; fileEncoding = 4; lastKnownFileType = sourcecode.swift; path = RobotDetailsView.swift; sourceTree = "<group>"; };
		20372A9827FE07A000F0DF45 /* RobotListCellView.swift */ = {isa = PBXFileReference; fileEncoding = 4; lastKnownFileType = sourcecode.swift; path = RobotListCellView.swift; sourceTree = "<group>"; };
		20372A9A27FE07A000F0DF45 /* StatisticsListCellView.swift */ = {isa = PBXFileReference; fileEncoding = 4; lastKnownFileType = sourcecode.swift; path = StatisticsListCellView.swift; sourceTree = "<group>"; };
		20372A9B27FE07A000F0DF45 /* StatisticsDetailsView.swift */ = {isa = PBXFileReference; fileEncoding = 4; lastKnownFileType = sourcecode.swift; path = StatisticsDetailsView.swift; sourceTree = "<group>"; };
		20372AA127FE088500F0DF45 /* SheetsDetailsView.swift */ = {isa = PBXFileReference; lastKnownFileType = sourcecode.swift; path = SheetsDetailsView.swift; sourceTree = "<group>"; };
		20372AA327FE089100F0DF45 /* SheetsListCellView.swift */ = {isa = PBXFileReference; lastKnownFileType = sourcecode.swift; path = SheetsListCellView.swift; sourceTree = "<group>"; };
		20372AAA27FE26B600F0DF45 /* ScoutingSheetInfoView.swift */ = {isa = PBXFileReference; lastKnownFileType = sourcecode.swift; path = ScoutingSheetInfoView.swift; sourceTree = "<group>"; };
		20DCDAB527FA1A59008BF343 /* Scout-Insights-Info.plist */ = {isa = PBXFileReference; lastKnownFileType = text.plist; path = "Scout-Insights-Info.plist"; sourceTree = SOURCE_ROOT; };
/* End PBXFileReference section */

/* Begin PBXFrameworksBuildPhase section */
		1EDBAE1C27F6BBE6006F898F /* Frameworks */ = {
			isa = PBXFrameworksBuildPhase;
			buildActionMask = 2147483647;
			files = (
				1ED7D71427F9681E00DC94A4 /* CodeScanner in Frameworks */,
			);
			runOnlyForDeploymentPostprocessing = 0;
		};
		1EDBAE2C27F6BBE8006F898F /* Frameworks */ = {
			isa = PBXFrameworksBuildPhase;
			buildActionMask = 2147483647;
			files = (
			);
			runOnlyForDeploymentPostprocessing = 0;
		};
		1EDBAE3627F6BBE8006F898F /* Frameworks */ = {
			isa = PBXFrameworksBuildPhase;
			buildActionMask = 2147483647;
			files = (
			);
			runOnlyForDeploymentPostprocessing = 0;
		};
/* End PBXFrameworksBuildPhase section */

/* Begin PBXGroup section */
		1ED7D70027F95CD600DC94A4 /* models */ = {
			isa = PBXGroup;
			children = (
				1EC2966B27FECCC500F04DA1 /* AppState.swift */,
				1ED7D70327F95D0B00DC94A4 /* AllianceEnum.swift */,
				1ED7D70527F95D9D00DC94A4 /* DayEnum.swift */,
				1ED7D70727F95E0700DC94A4 /* CompetingTeams.swift */,
				1ED7D70927F9658300DC94A4 /* RobotSpeedEnum.swift */,
				1ED7D70B27F965D100DC94A4 /* DriverSkillsEnum.swift */,
				1ED7D70D27F9662A00DC94A4 /* DefenseQualityEnum.swift */,
				1ED7D71827F96D2900DC94A4 /* ScoutingSheet.swift */,
				1ED7D71C27F9D04E00DC94A4 /* SerializationError.swift */,
				1E849C7427FE2F45008C46B8 /* Sheets.swift */,
			);
			path = models;
			sourceTree = "<group>";
		};
		1ED7D70F27F9669B00DC94A4 /* views */ = {
			isa = PBXGroup;
			children = (
				20372AA027FE085D00F0DF45 /* sheets */,
				20372A9627FE07A000F0DF45 /* robot */,
				20372A9927FE07A000F0DF45 /* statistics */,
				1ED7D71027F966AC00DC94A4 /* ScanButtonView.swift */,
				1ED7D71A27F9CD0300DC94A4 /* PageListViewLayout.swift */,
				1E07E57127FE388E00952E1D /* ProspectView.swift */,
			);
			path = views;
			sourceTree = "<group>";
		};
		1EDBAE1627F6BBE6006F898F = {
			isa = PBXGroup;
			children = (
				1EDBAE2127F6BBE6006F898F /* Scout Insights */,
				1EDBAE3227F6BBE8006F898F /* Scout InsightsTests */,
				1EDBAE3C27F6BBE8006F898F /* Scout InsightsUITests */,
				1EDBAE2027F6BBE6006F898F /* Products */,
			);
			sourceTree = "<group>";
		};
		1EDBAE2027F6BBE6006F898F /* Products */ = {
			isa = PBXGroup;
			children = (
				1EDBAE1F27F6BBE6006F898F /* Scout Insights.app */,
				1EDBAE2F27F6BBE8006F898F /* Scout InsightsTests.xctest */,
				1EDBAE3927F6BBE8006F898F /* Scout InsightsUITests.xctest */,
			);
			name = Products;
			sourceTree = "<group>";
		};
		1EDBAE2127F6BBE6006F898F /* Scout Insights */ = {
			isa = PBXGroup;
			children = (
				20DCDAB527FA1A59008BF343 /* Scout-Insights-Info.plist */,
				1ED7D70F27F9669B00DC94A4 /* views */,
				1ED7D70027F95CD600DC94A4 /* models */,
				1EDBAE2227F6BBE6006F898F /* Scout_InsightsApp.swift */,
				1EDBAE2427F6BBE6006F898F /* ContentView.swift */,
				1EDBAE2627F6BBE7006F898F /* Assets.xcassets */,
				1EDBAE2827F6BBE7006F898F /* Preview Content */,
			);
			path = "Scout Insights";
			sourceTree = "<group>";
		};
		1EDBAE2827F6BBE7006F898F /* Preview Content */ = {
			isa = PBXGroup;
			children = (
				1EDBAE2927F6BBE7006F898F /* Preview Assets.xcassets */,
			);
			path = "Preview Content";
			sourceTree = "<group>";
		};
		1EDBAE3227F6BBE8006F898F /* Scout InsightsTests */ = {
			isa = PBXGroup;
			children = (
				1EDBAE3327F6BBE8006F898F /* Scout_InsightsTests.swift */,
				1ED7D71E27F9D47A00DC94A4 /* ScoutingSheetTest.swift */,
			);
			path = "Scout InsightsTests";
			sourceTree = "<group>";
		};
		1EDBAE3C27F6BBE8006F898F /* Scout InsightsUITests */ = {
			isa = PBXGroup;
			children = (
				1EDBAE3D27F6BBE8006F898F /* Scout_InsightsUITests.swift */,
				1EDBAE3F27F6BBE8006F898F /* Scout_InsightsUITestsLaunchTests.swift */,
			);
			path = "Scout InsightsUITests";
			sourceTree = "<group>";
		};
		20372A9627FE07A000F0DF45 /* robot */ = {
			isa = PBXGroup;
			children = (
				20372A9727FE07A000F0DF45 /* RobotDetailsView.swift */,
				20372A9827FE07A000F0DF45 /* RobotListCellView.swift */,
				1EC2966F28004D8600F04DA1 /* RobotsPageView.swift */,
			);
			path = robot;
			sourceTree = "<group>";
		};
		20372A9927FE07A000F0DF45 /* statistics */ = {
			isa = PBXGroup;
			children = (
				20372A9A27FE07A000F0DF45 /* StatisticsListCellView.swift */,
				20372A9B27FE07A000F0DF45 /* StatisticsDetailsView.swift */,
			);
			path = statistics;
			sourceTree = "<group>";
		};
		20372AA027FE085D00F0DF45 /* sheets */ = {
			isa = PBXGroup;
			children = (
				20372AA127FE088500F0DF45 /* SheetsDetailsView.swift */,
				20372AA327FE089100F0DF45 /* SheetsListCellView.swift */,
				20372AAA27FE26B600F0DF45 /* ScoutingSheetInfoView.swift */,
				1EC2966D27FF7DE800F04DA1 /* SheetsPageView.swift */,
			);
			path = sheets;
			sourceTree = "<group>";
		};
/* End PBXGroup section */

/* Begin PBXNativeTarget section */
		1EDBAE1E27F6BBE6006F898F /* Scout Insights */ = {
			isa = PBXNativeTarget;
			buildConfigurationList = 1EDBAE4327F6BBE8006F898F /* Build configuration list for PBXNativeTarget "Scout Insights" */;
			buildPhases = (
				1EDBAE1B27F6BBE6006F898F /* Sources */,
				1EDBAE1C27F6BBE6006F898F /* Frameworks */,
				1EDBAE1D27F6BBE6006F898F /* Resources */,
			);
			buildRules = (
			);
			dependencies = (
			);
			name = "Scout Insights";
			packageProductDependencies = (
				1ED7D71327F9681E00DC94A4 /* CodeScanner */,
			);
			productName = "Scout Insights";
			productReference = 1EDBAE1F27F6BBE6006F898F /* Scout Insights.app */;
			productType = "com.apple.product-type.application";
		};
		1EDBAE2E27F6BBE8006F898F /* Scout InsightsTests */ = {
			isa = PBXNativeTarget;
			buildConfigurationList = 1EDBAE4627F6BBE8006F898F /* Build configuration list for PBXNativeTarget "Scout InsightsTests" */;
			buildPhases = (
				1EDBAE2B27F6BBE8006F898F /* Sources */,
				1EDBAE2C27F6BBE8006F898F /* Frameworks */,
				1EDBAE2D27F6BBE8006F898F /* Resources */,
			);
			buildRules = (
			);
			dependencies = (
				1EDBAE3127F6BBE8006F898F /* PBXTargetDependency */,
			);
			name = "Scout InsightsTests";
			productName = "Scout InsightsTests";
			productReference = 1EDBAE2F27F6BBE8006F898F /* Scout InsightsTests.xctest */;
			productType = "com.apple.product-type.bundle.unit-test";
		};
		1EDBAE3827F6BBE8006F898F /* Scout InsightsUITests */ = {
			isa = PBXNativeTarget;
			buildConfigurationList = 1EDBAE4927F6BBE8006F898F /* Build configuration list for PBXNativeTarget "Scout InsightsUITests" */;
			buildPhases = (
				1EDBAE3527F6BBE8006F898F /* Sources */,
				1EDBAE3627F6BBE8006F898F /* Frameworks */,
				1EDBAE3727F6BBE8006F898F /* Resources */,
			);
			buildRules = (
			);
			dependencies = (
				1EDBAE3B27F6BBE8006F898F /* PBXTargetDependency */,
			);
			name = "Scout InsightsUITests";
			productName = "Scout InsightsUITests";
			productReference = 1EDBAE3927F6BBE8006F898F /* Scout InsightsUITests.xctest */;
			productType = "com.apple.product-type.bundle.ui-testing";
		};
/* End PBXNativeTarget section */

/* Begin PBXProject section */
		1EDBAE1727F6BBE6006F898F /* Project object */ = {
			isa = PBXProject;
			attributes = {
				BuildIndependentTargetsInParallel = 1;
				LastSwiftUpdateCheck = 1330;
				LastUpgradeCheck = 1330;
				TargetAttributes = {
					1EDBAE1E27F6BBE6006F898F = {
						CreatedOnToolsVersion = 13.3;
					};
					1EDBAE2E27F6BBE8006F898F = {
						CreatedOnToolsVersion = 13.3;
						TestTargetID = 1EDBAE1E27F6BBE6006F898F;
					};
					1EDBAE3827F6BBE8006F898F = {
						CreatedOnToolsVersion = 13.3;
						TestTargetID = 1EDBAE1E27F6BBE6006F898F;
					};
				};
			};
			buildConfigurationList = 1EDBAE1A27F6BBE6006F898F /* Build configuration list for PBXProject "Scout Insights" */;
			compatibilityVersion = "Xcode 13.0";
			developmentRegion = en;
			hasScannedForEncodings = 0;
			knownRegions = (
				en,
				Base,
			);
			mainGroup = 1EDBAE1627F6BBE6006F898F;
			packageReferences = (
				1ED7D71227F9681E00DC94A4 /* XCRemoteSwiftPackageReference "codescanner" */,
			);
			productRefGroup = 1EDBAE2027F6BBE6006F898F /* Products */;
			projectDirPath = "";
			projectRoot = "";
			targets = (
				1EDBAE1E27F6BBE6006F898F /* Scout Insights */,
				1EDBAE2E27F6BBE8006F898F /* Scout InsightsTests */,
				1EDBAE3827F6BBE8006F898F /* Scout InsightsUITests */,
			);
		};
/* End PBXProject section */

/* Begin PBXResourcesBuildPhase section */
		1EDBAE1D27F6BBE6006F898F /* Resources */ = {
			isa = PBXResourcesBuildPhase;
			buildActionMask = 2147483647;
			files = (
				1EDBAE2A27F6BBE7006F898F /* Preview Assets.xcassets in Resources */,
				1EDBAE2727F6BBE7006F898F /* Assets.xcassets in Resources */,
			);
			runOnlyForDeploymentPostprocessing = 0;
		};
		1EDBAE2D27F6BBE8006F898F /* Resources */ = {
			isa = PBXResourcesBuildPhase;
			buildActionMask = 2147483647;
			files = (
			);
			runOnlyForDeploymentPostprocessing = 0;
		};
		1EDBAE3727F6BBE8006F898F /* Resources */ = {
			isa = PBXResourcesBuildPhase;
			buildActionMask = 2147483647;
			files = (
			);
			runOnlyForDeploymentPostprocessing = 0;
		};
/* End PBXResourcesBuildPhase section */

/* Begin PBXSourcesBuildPhase section */
		1EDBAE1B27F6BBE6006F898F /* Sources */ = {
			isa = PBXSourcesBuildPhase;
			buildActionMask = 2147483647;
			files = (
				1ED7D71127F966AC00DC94A4 /* ScanButtonView.swift in Sources */,
				20372A9F27FE07A000F0DF45 /* StatisticsDetailsView.swift in Sources */,
				1ED7D71927F96D2900DC94A4 /* ScoutingSheet.swift in Sources */,
				1EC2966C27FECCC500F04DA1 /* AppState.swift in Sources */,
				1EC2967028004D8600F04DA1 /* RobotsPageView.swift in Sources */,
				1EDBAE2527F6BBE6006F898F /* ContentView.swift in Sources */,
				1ED7D71D27F9D04E00DC94A4 /* SerializationError.swift in Sources */,
				1ED7D70827F95E0700DC94A4 /* CompetingTeams.swift in Sources */,
				1ED7D71B27F9CD0300DC94A4 /* PageListViewLayout.swift in Sources */,
				20372AA427FE089100F0DF45 /* SheetsListCellView.swift in Sources */,
				1EC2966E27FF7DE800F04DA1 /* SheetsPageView.swift in Sources */,
				20372A9C27FE07A000F0DF45 /* RobotDetailsView.swift in Sources */,
				1ED7D70627F95D9D00DC94A4 /* DayEnum.swift in Sources */,
				1ED7D70E27F9662A00DC94A4 /* DefenseQualityEnum.swift in Sources */,
				20372A9E27FE07A000F0DF45 /* StatisticsListCellView.swift in Sources */,
				1ED7D70A27F9658300DC94A4 /* RobotSpeedEnum.swift in Sources */,
				1ED7D70C27F965D100DC94A4 /* DriverSkillsEnum.swift in Sources */,
				20372A9D27FE07A000F0DF45 /* RobotListCellView.swift in Sources */,
				1EDBAE2327F6BBE6006F898F /* Scout_InsightsApp.swift in Sources */,
				1ED7D70427F95D0B00DC94A4 /* AllianceEnum.swift in Sources */,
				1E07E57227FE388E00952E1D /* ProspectView.swift in Sources */,
				20372AAB27FE26B600F0DF45 /* ScoutingSheetInfoView.swift in Sources */,
				20372AA227FE088500F0DF45 /* SheetsDetailsView.swift in Sources */,
			);
			runOnlyForDeploymentPostprocessing = 0;
		};
		1EDBAE2B27F6BBE8006F898F /* Sources */ = {
			isa = PBXSourcesBuildPhase;
			buildActionMask = 2147483647;
			files = (
				1EDBAE3427F6BBE8006F898F /* Scout_InsightsTests.swift in Sources */,
				1ED7D71F27F9D47A00DC94A4 /* ScoutingSheetTest.swift in Sources */,
			);
			runOnlyForDeploymentPostprocessing = 0;
		};
		1EDBAE3527F6BBE8006F898F /* Sources */ = {
			isa = PBXSourcesBuildPhase;
			buildActionMask = 2147483647;
			files = (
				1EDBAE4027F6BBE8006F898F /* Scout_InsightsUITestsLaunchTests.swift in Sources */,
				1EDBAE3E27F6BBE8006F898F /* Scout_InsightsUITests.swift in Sources */,
			);
			runOnlyForDeploymentPostprocessing = 0;
		};
/* End PBXSourcesBuildPhase section */

/* Begin PBXTargetDependency section */
		1EDBAE3127F6BBE8006F898F /* PBXTargetDependency */ = {
			isa = PBXTargetDependency;
			target = 1EDBAE1E27F6BBE6006F898F /* Scout Insights */;
			targetProxy = 1EDBAE3027F6BBE8006F898F /* PBXContainerItemProxy */;
		};
		1EDBAE3B27F6BBE8006F898F /* PBXTargetDependency */ = {
			isa = PBXTargetDependency;
			target = 1EDBAE1E27F6BBE6006F898F /* Scout Insights */;
			targetProxy = 1EDBAE3A27F6BBE8006F898F /* PBXContainerItemProxy */;
		};
/* End PBXTargetDependency section */

/* Begin XCBuildConfiguration section */
		1EDBAE4127F6BBE8006F898F /* Debug */ = {
			isa = XCBuildConfiguration;
			buildSettings = {
				ALWAYS_SEARCH_USER_PATHS = NO;
				CLANG_ANALYZER_NONNULL = YES;
				CLANG_ANALYZER_NUMBER_OBJECT_CONVERSION = YES_AGGRESSIVE;
				CLANG_CXX_LANGUAGE_STANDARD = "gnu++17";
				CLANG_ENABLE_MODULES = YES;
				CLANG_ENABLE_OBJC_ARC = YES;
				CLANG_ENABLE_OBJC_WEAK = YES;
				CLANG_WARN_BLOCK_CAPTURE_AUTORELEASING = YES;
				CLANG_WARN_BOOL_CONVERSION = YES;
				CLANG_WARN_COMMA = YES;
				CLANG_WARN_CONSTANT_CONVERSION = YES;
				CLANG_WARN_DEPRECATED_OBJC_IMPLEMENTATIONS = YES;
				CLANG_WARN_DIRECT_OBJC_ISA_USAGE = YES_ERROR;
				CLANG_WARN_DOCUMENTATION_COMMENTS = YES;
				CLANG_WARN_EMPTY_BODY = YES;
				CLANG_WARN_ENUM_CONVERSION = YES;
				CLANG_WARN_INFINITE_RECURSION = YES;
				CLANG_WARN_INT_CONVERSION = YES;
				CLANG_WARN_NON_LITERAL_NULL_CONVERSION = YES;
				CLANG_WARN_OBJC_IMPLICIT_RETAIN_SELF = YES;
				CLANG_WARN_OBJC_LITERAL_CONVERSION = YES;
				CLANG_WARN_OBJC_ROOT_CLASS = YES_ERROR;
				CLANG_WARN_QUOTED_INCLUDE_IN_FRAMEWORK_HEADER = YES;
				CLANG_WARN_RANGE_LOOP_ANALYSIS = YES;
				CLANG_WARN_STRICT_PROTOTYPES = YES;
				CLANG_WARN_SUSPICIOUS_MOVE = YES;
				CLANG_WARN_UNGUARDED_AVAILABILITY = YES_AGGRESSIVE;
				CLANG_WARN_UNREACHABLE_CODE = YES;
				CLANG_WARN__DUPLICATE_METHOD_MATCH = YES;
				COPY_PHASE_STRIP = NO;
				DEBUG_INFORMATION_FORMAT = dwarf;
				ENABLE_STRICT_OBJC_MSGSEND = YES;
				ENABLE_TESTABILITY = YES;
				GCC_C_LANGUAGE_STANDARD = gnu11;
				GCC_DYNAMIC_NO_PIC = NO;
				GCC_NO_COMMON_BLOCKS = YES;
				GCC_OPTIMIZATION_LEVEL = 0;
				GCC_PREPROCESSOR_DEFINITIONS = (
					"DEBUG=1",
					"$(inherited)",
				);
				GCC_WARN_64_TO_32_BIT_CONVERSION = YES;
				GCC_WARN_ABOUT_RETURN_TYPE = YES_ERROR;
				GCC_WARN_UNDECLARED_SELECTOR = YES;
				GCC_WARN_UNINITIALIZED_AUTOS = YES_AGGRESSIVE;
				GCC_WARN_UNUSED_FUNCTION = YES;
				GCC_WARN_UNUSED_VARIABLE = YES;
				IPHONEOS_DEPLOYMENT_TARGET = 15.4;
				MTL_ENABLE_DEBUG_INFO = INCLUDE_SOURCE;
				MTL_FAST_MATH = YES;
				ONLY_ACTIVE_ARCH = YES;
				SDKROOT = iphoneos;
				SWIFT_ACTIVE_COMPILATION_CONDITIONS = DEBUG;
				SWIFT_OPTIMIZATION_LEVEL = "-Onone";
			};
			name = Debug;
		};
		1EDBAE4227F6BBE8006F898F /* Release */ = {
			isa = XCBuildConfiguration;
			buildSettings = {
				ALWAYS_SEARCH_USER_PATHS = NO;
				CLANG_ANALYZER_NONNULL = YES;
				CLANG_ANALYZER_NUMBER_OBJECT_CONVERSION = YES_AGGRESSIVE;
				CLANG_CXX_LANGUAGE_STANDARD = "gnu++17";
				CLANG_ENABLE_MODULES = YES;
				CLANG_ENABLE_OBJC_ARC = YES;
				CLANG_ENABLE_OBJC_WEAK = YES;
				CLANG_WARN_BLOCK_CAPTURE_AUTORELEASING = YES;
				CLANG_WARN_BOOL_CONVERSION = YES;
				CLANG_WARN_COMMA = YES;
				CLANG_WARN_CONSTANT_CONVERSION = YES;
				CLANG_WARN_DEPRECATED_OBJC_IMPLEMENTATIONS = YES;
				CLANG_WARN_DIRECT_OBJC_ISA_USAGE = YES_ERROR;
				CLANG_WARN_DOCUMENTATION_COMMENTS = YES;
				CLANG_WARN_EMPTY_BODY = YES;
				CLANG_WARN_ENUM_CONVERSION = YES;
				CLANG_WARN_INFINITE_RECURSION = YES;
				CLANG_WARN_INT_CONVERSION = YES;
				CLANG_WARN_NON_LITERAL_NULL_CONVERSION = YES;
				CLANG_WARN_OBJC_IMPLICIT_RETAIN_SELF = YES;
				CLANG_WARN_OBJC_LITERAL_CONVERSION = YES;
				CLANG_WARN_OBJC_ROOT_CLASS = YES_ERROR;
				CLANG_WARN_QUOTED_INCLUDE_IN_FRAMEWORK_HEADER = YES;
				CLANG_WARN_RANGE_LOOP_ANALYSIS = YES;
				CLANG_WARN_STRICT_PROTOTYPES = YES;
				CLANG_WARN_SUSPICIOUS_MOVE = YES;
				CLANG_WARN_UNGUARDED_AVAILABILITY = YES_AGGRESSIVE;
				CLANG_WARN_UNREACHABLE_CODE = YES;
				CLANG_WARN__DUPLICATE_METHOD_MATCH = YES;
				COPY_PHASE_STRIP = NO;
				DEBUG_INFORMATION_FORMAT = "dwarf-with-dsym";
				ENABLE_NS_ASSERTIONS = NO;
				ENABLE_STRICT_OBJC_MSGSEND = YES;
				GCC_C_LANGUAGE_STANDARD = gnu11;
				GCC_NO_COMMON_BLOCKS = YES;
				GCC_WARN_64_TO_32_BIT_CONVERSION = YES;
				GCC_WARN_ABOUT_RETURN_TYPE = YES_ERROR;
				GCC_WARN_UNDECLARED_SELECTOR = YES;
				GCC_WARN_UNINITIALIZED_AUTOS = YES_AGGRESSIVE;
				GCC_WARN_UNUSED_FUNCTION = YES;
				GCC_WARN_UNUSED_VARIABLE = YES;
				IPHONEOS_DEPLOYMENT_TARGET = 15.4;
				MTL_ENABLE_DEBUG_INFO = NO;
				MTL_FAST_MATH = YES;
				SDKROOT = iphoneos;
				SWIFT_COMPILATION_MODE = wholemodule;
				SWIFT_OPTIMIZATION_LEVEL = "-O";
				VALIDATE_PRODUCT = YES;
			};
			name = Release;
		};
		1EDBAE4427F6BBE8006F898F /* Debug */ = {
			isa = XCBuildConfiguration;
			buildSettings = {
				ASSETCATALOG_COMPILER_APPICON_NAME = AppIcon;
				ASSETCATALOG_COMPILER_GLOBAL_ACCENT_COLOR_NAME = AccentColor;
				CODE_SIGN_STYLE = Automatic;
				CURRENT_PROJECT_VERSION = 1;
				DEVELOPMENT_ASSET_PATHS = "\"Scout Insights/Preview Content\"";
				DEVELOPMENT_TEAM = 9GJ9D7U22J;
				ENABLE_PREVIEWS = YES;
				GENERATE_INFOPLIST_FILE = YES;
				INFOPLIST_FILE = "Scout-Insights-Info.plist";
				INFOPLIST_KEY_NSCameraUsageDescription = "\"Camera access is required to read QR codes\"";
				INFOPLIST_KEY_UIApplicationSceneManifest_Generation = YES;
				INFOPLIST_KEY_UIApplicationSupportsIndirectInputEvents = YES;
				INFOPLIST_KEY_UILaunchScreen_Generation = YES;
				INFOPLIST_KEY_UIRequiresFullScreen = YES;
				INFOPLIST_KEY_UISupportedInterfaceOrientations = "";
				INFOPLIST_KEY_UISupportedInterfaceOrientations_iPad = "UIInterfaceOrientationPortrait UIInterfaceOrientationPortraitUpsideDown UIInterfaceOrientationLandscapeLeft UIInterfaceOrientationLandscapeRight";
				INFOPLIST_KEY_UISupportedInterfaceOrientations_iPhone = "UIInterfaceOrientationPortrait UIInterfaceOrientationLandscapeLeft UIInterfaceOrientationLandscapeRight";
				IPHONEOS_DEPLOYMENT_TARGET = 14.0;
				LD_RUNPATH_SEARCH_PATHS = (
					"$(inherited)",
					"@executable_path/Frameworks",
				);
				MARKETING_VERSION = 1.0;
				PRODUCT_BUNDLE_IDENTIFIER = "com.samuelP--.Scout-Insights";
				PRODUCT_NAME = "$(TARGET_NAME)";
				SWIFT_EMIT_LOC_STRINGS = YES;
				SWIFT_VERSION = 5.0;
				TARGETED_DEVICE_FAMILY = 2;
			};
			name = Debug;
		};
		1EDBAE4527F6BBE8006F898F /* Release */ = {
			isa = XCBuildConfiguration;
			buildSettings = {
				ASSETCATALOG_COMPILER_APPICON_NAME = AppIcon;
				ASSETCATALOG_COMPILER_GLOBAL_ACCENT_COLOR_NAME = AccentColor;
				CODE_SIGN_STYLE = Automatic;
				CURRENT_PROJECT_VERSION = 1;
				DEVELOPMENT_ASSET_PATHS = "\"Scout Insights/Preview Content\"";
				DEVELOPMENT_TEAM = 9GJ9D7U22J;
				ENABLE_PREVIEWS = YES;
				GENERATE_INFOPLIST_FILE = YES;
				INFOPLIST_FILE = "Scout-Insights-Info.plist";
				INFOPLIST_KEY_NSCameraUsageDescription = "\"Camera access is required to read QR codes\"";
				INFOPLIST_KEY_UIApplicationSceneManifest_Generation = YES;
				INFOPLIST_KEY_UIApplicationSupportsIndirectInputEvents = YES;
				INFOPLIST_KEY_UILaunchScreen_Generation = YES;
				INFOPLIST_KEY_UIRequiresFullScreen = YES;
				INFOPLIST_KEY_UISupportedInterfaceOrientations = "";
				INFOPLIST_KEY_UISupportedInterfaceOrientations_iPad = "UIInterfaceOrientationPortrait UIInterfaceOrientationPortraitUpsideDown UIInterfaceOrientationLandscapeLeft UIInterfaceOrientationLandscapeRight";
				INFOPLIST_KEY_UISupportedInterfaceOrientations_iPhone = "UIInterfaceOrientationPortrait UIInterfaceOrientationLandscapeLeft UIInterfaceOrientationLandscapeRight";
				IPHONEOS_DEPLOYMENT_TARGET = 14.0;
				LD_RUNPATH_SEARCH_PATHS = (
					"$(inherited)",
					"@executable_path/Frameworks",
				);
				MARKETING_VERSION = 1.0;
				PRODUCT_BUNDLE_IDENTIFIER = "com.samuelP--.Scout-Insights";
				PRODUCT_NAME = "$(TARGET_NAME)";
				SWIFT_EMIT_LOC_STRINGS = YES;
				SWIFT_VERSION = 5.0;
				TARGETED_DEVICE_FAMILY = 2;
			};
			name = Release;
		};
		1EDBAE4727F6BBE8006F898F /* Debug */ = {
			isa = XCBuildConfiguration;
			buildSettings = {
				ALWAYS_EMBED_SWIFT_STANDARD_LIBRARIES = YES;
				BUNDLE_LOADER = "$(TEST_HOST)";
				CODE_SIGN_STYLE = Automatic;
				CURRENT_PROJECT_VERSION = 1;
				DEVELOPMENT_TEAM = 7Y6U5WA8XQ;
				GENERATE_INFOPLIST_FILE = YES;
				IPHONEOS_DEPLOYMENT_TARGET = 15.4;
				MARKETING_VERSION = 1.0;
				PRODUCT_BUNDLE_IDENTIFIER = "com.SamuelP.Scout-InsightsTests";
				PRODUCT_NAME = "$(TARGET_NAME)";
				SWIFT_EMIT_LOC_STRINGS = NO;
				SWIFT_VERSION = 5.0;
				TARGETED_DEVICE_FAMILY = "1,2";
				TEST_HOST = "$(BUILT_PRODUCTS_DIR)/Scout Insights.app/Scout Insights";
			};
			name = Debug;
		};
		1EDBAE4827F6BBE8006F898F /* Release */ = {
			isa = XCBuildConfiguration;
			buildSettings = {
				ALWAYS_EMBED_SWIFT_STANDARD_LIBRARIES = YES;
				BUNDLE_LOADER = "$(TEST_HOST)";
				CODE_SIGN_STYLE = Automatic;
				CURRENT_PROJECT_VERSION = 1;
				DEVELOPMENT_TEAM = 7Y6U5WA8XQ;
				GENERATE_INFOPLIST_FILE = YES;
				IPHONEOS_DEPLOYMENT_TARGET = 15.4;
				MARKETING_VERSION = 1.0;
				PRODUCT_BUNDLE_IDENTIFIER = "com.SamuelP.Scout-InsightsTests";
				PRODUCT_NAME = "$(TARGET_NAME)";
				SWIFT_EMIT_LOC_STRINGS = NO;
				SWIFT_VERSION = 5.0;
				TARGETED_DEVICE_FAMILY = "1,2";
				TEST_HOST = "$(BUILT_PRODUCTS_DIR)/Scout Insights.app/Scout Insights";
			};
			name = Release;
		};
		1EDBAE4A27F6BBE8006F898F /* Debug */ = {
			isa = XCBuildConfiguration;
			buildSettings = {
				ALWAYS_EMBED_SWIFT_STANDARD_LIBRARIES = YES;
				CODE_SIGN_STYLE = Automatic;
				CURRENT_PROJECT_VERSION = 1;
				DEVELOPMENT_TEAM = 7Y6U5WA8XQ;
				GENERATE_INFOPLIST_FILE = YES;
				MARKETING_VERSION = 1.0;
				PRODUCT_BUNDLE_IDENTIFIER = "com.SamuelP.Scout-InsightsUITests";
				PRODUCT_NAME = "$(TARGET_NAME)";
				SWIFT_EMIT_LOC_STRINGS = NO;
				SWIFT_VERSION = 5.0;
				TARGETED_DEVICE_FAMILY = "1,2";
				TEST_TARGET_NAME = "Scout Insights";
			};
			name = Debug;
		};
		1EDBAE4B27F6BBE8006F898F /* Release */ = {
			isa = XCBuildConfiguration;
			buildSettings = {
				ALWAYS_EMBED_SWIFT_STANDARD_LIBRARIES = YES;
				CODE_SIGN_STYLE = Automatic;
				CURRENT_PROJECT_VERSION = 1;
				DEVELOPMENT_TEAM = 7Y6U5WA8XQ;
				GENERATE_INFOPLIST_FILE = YES;
				MARKETING_VERSION = 1.0;
				PRODUCT_BUNDLE_IDENTIFIER = "com.SamuelP.Scout-InsightsUITests";
				PRODUCT_NAME = "$(TARGET_NAME)";
				SWIFT_EMIT_LOC_STRINGS = NO;
				SWIFT_VERSION = 5.0;
				TARGETED_DEVICE_FAMILY = "1,2";
				TEST_TARGET_NAME = "Scout Insights";
			};
			name = Release;
		};
/* End XCBuildConfiguration section */

/* Begin XCConfigurationList section */
		1EDBAE1A27F6BBE6006F898F /* Build configuration list for PBXProject "Scout Insights" */ = {
			isa = XCConfigurationList;
			buildConfigurations = (
				1EDBAE4127F6BBE8006F898F /* Debug */,
				1EDBAE4227F6BBE8006F898F /* Release */,
			);
			defaultConfigurationIsVisible = 0;
			defaultConfigurationName = Release;
		};
		1EDBAE4327F6BBE8006F898F /* Build configuration list for PBXNativeTarget "Scout Insights" */ = {
			isa = XCConfigurationList;
			buildConfigurations = (
				1EDBAE4427F6BBE8006F898F /* Debug */,
				1EDBAE4527F6BBE8006F898F /* Release */,
			);
			defaultConfigurationIsVisible = 0;
			defaultConfigurationName = Release;
		};
		1EDBAE4627F6BBE8006F898F /* Build configuration list for PBXNativeTarget "Scout InsightsTests" */ = {
			isa = XCConfigurationList;
			buildConfigurations = (
				1EDBAE4727F6BBE8006F898F /* Debug */,
				1EDBAE4827F6BBE8006F898F /* Release */,
			);
			defaultConfigurationIsVisible = 0;
			defaultConfigurationName = Release;
		};
		1EDBAE4927F6BBE8006F898F /* Build configuration list for PBXNativeTarget "Scout InsightsUITests" */ = {
			isa = XCConfigurationList;
			buildConfigurations = (
				1EDBAE4A27F6BBE8006F898F /* Debug */,
				1EDBAE4B27F6BBE8006F898F /* Release */,
			);
			defaultConfigurationIsVisible = 0;
			defaultConfigurationName = Release;
		};
/* End XCConfigurationList section */

/* Begin XCRemoteSwiftPackageReference section */
		1ED7D71227F9681E00DC94A4 /* XCRemoteSwiftPackageReference "codescanner" */ = {
			isa = XCRemoteSwiftPackageReference;
			repositoryURL = "https://github.com/twostraws/codescanner";
			requirement = {
				kind = upToNextMajorVersion;
				minimumVersion = 2.0.0;
			};
		};
/* End XCRemoteSwiftPackageReference section */

/* Begin XCSwiftPackageProductDependency section */
		1ED7D71327F9681E00DC94A4 /* CodeScanner */ = {
			isa = XCSwiftPackageProductDependency;
			package = 1ED7D71227F9681E00DC94A4 /* XCRemoteSwiftPackageReference "codescanner" */;
			productName = CodeScanner;
		};
/* End XCSwiftPackageProductDependency section */
	};
	rootObject = 1EDBAE1727F6BBE6006F898F /* Project object */;
}
