{
  "pins" : [
    {
      "identity" : "codescanner",
      "kind" : "remoteSourceControl",
      "location" : "https://github.com/twostraws/codescanner",
      "state" : {
        "revision" : "c27a66149b7483fe42e2ec6aad61d5c3fffe522d",
        "version" : "2.1.1"
      }
    },
    {
      "identity" : "realm-core",
      "kind" : "remoteSourceControl",
      "location" : "https://github.com/realm/realm-core",
      "state" : {
        "revision" : "9e2f3cb730a546ff33e95c563a85e3cf61f17d17",
        "version" : "12.0.0"
      }
    },
    {
      "identity" : "realm-swift",
      "kind" : "remoteSourceControl",
      "location" : "https://github.com/realm/realm-swift.git",
      "state" : {
        "branch" : "master",
        "revision" : "812fafabeb198b832e0a00633992f89907371ec5"
      }
    }
  ],
  "version" : 2
}
